
Microsoft Visual Studio Solution File, Format Version 12.00
# Visual Studio Version 16
VisualStudioVersion = 16.0.28917.181
MinimumVisualStudioVersion = 10.0.40219.1
Project("{FAE04EC0-301F-11D3-BF4B-00C04F79EFBC}") = "TextAdventure", "TextAdventure\TextAdventure.csproj", "{EDC10EED-E54E-4FA0-B7EA-3675A7E3578E}"
EndProject
Global
	GlobalSection(SolutionConfigurationPlatforms) = preSolution
		Debug|Any CPU = Debug|Any CPU
		Release|Any CPU = Release|Any CPU
	EndGlobalSection
	GlobalSection(ProjectConfigurationPlatforms) = postSolution
		{EDC10EED-E54E-4FA0-B7EA-3675A7E3578E}.Debug|Any CPU.ActiveCfg = Debug|Any CPU
		{EDC10EED-E54E-4FA0-B7EA-3675A7E3578E}.Debug|Any CPU.Build.0 = Debug|Any CPU
		{EDC10EED-E54E-4FA0-B7EA-3675A7E3578E}.Release|Any CPU.ActiveCfg = Release|Any CPU
		{EDC10EED-E54E-4FA0-B7EA-3675A7E3578E}.Release|Any CPU.Build.0 = Release|Any CPU
	EndGlobalSection
	GlobalSection(SolutionProperties) = preSolution
		HideSolutionNode = FALSE
	EndGlobalSection
	GlobalSection(ExtensibilityGlobals) = postSolution
		SolutionGuid = {26667B8C-D835-4969-99F0-F7D3D4F42F76}
	EndGlobalSection
EndGlobal
